
Microsoft Visual Studio Solution File, Format Version 12.00
# Visual Studio Version 16
VisualStudioVersion = 16.0.30114.105
MinimumVisualStudioVersion = 10.0.40219.1
Project("{9A19103F-16F7-4668-BE54-9A1E7A4F7556}") = "YetAnotherPasswordChecker", "YetAnotherPasswordChecker\YetAnotherPasswordChecker.csproj", "{6A53994E-6088-4A99-8CFE-8D1EBBAD61A8}"
EndProject
Project("{9A19103F-16F7-4668-BE54-9A1E7A4F7556}") = "YetAnotherPasswordChecker.BLL", "YetAnotherPasswordChecker.BLL\YetAnotherPasswordChecker.BLL.csproj", "{35BFE475-1F13-4310-802A-62EB58C3B2D6}"
EndProject
Project("{9A19103F-16F7-4668-BE54-9A1E7A4F7556}") = "YetAnotherPasswordChecker.DAL", "YetAnotherPasswordChecker.DAL\YetAnotherPasswordChecker.DAL.csproj", "{361A3ADC-3120-4446-9708-DF3C91A10017}"
EndProject
Project("{2150E333-8FDC-42A3-9474-1A3956D46DE8}") = "Solution Items", "Solution Items", "{ECB4AD01-ED39-44B1-A18D-F1A877DA9F4B}"
	ProjectSection(SolutionItems) = preProject
		Dockerfile = Dockerfile
	EndProjectSection
EndProject
Global
	GlobalSection(SolutionConfigurationPlatforms) = preSolution
		Debug|Any CPU = Debug|Any CPU
		Release|Any CPU = Release|Any CPU
	EndGlobalSection
	GlobalSection(ProjectConfigurationPlatforms) = postSolution
		{6A53994E-6088-4A99-8CFE-8D1EBBAD61A8}.Debug|Any CPU.ActiveCfg = Debug|Any CPU
		{6A53994E-6088-4A99-8CFE-8D1EBBAD61A8}.Debug|Any CPU.Build.0 = Debug|Any CPU
		{6A53994E-6088-4A99-8CFE-8D1EBBAD61A8}.Release|Any CPU.ActiveCfg = Release|Any CPU
		{6A53994E-6088-4A99-8CFE-8D1EBBAD61A8}.Release|Any CPU.Build.0 = Release|Any CPU
		{35BFE475-1F13-4310-802A-62EB58C3B2D6}.Debug|Any CPU.ActiveCfg = Debug|Any CPU
		{35BFE475-1F13-4310-802A-62EB58C3B2D6}.Debug|Any CPU.Build.0 = Debug|Any CPU
		{35BFE475-1F13-4310-802A-62EB58C3B2D6}.Release|Any CPU.ActiveCfg = Release|Any CPU
		{35BFE475-1F13-4310-802A-62EB58C3B2D6}.Release|Any CPU.Build.0 = Release|Any CPU
		{361A3ADC-3120-4446-9708-DF3C91A10017}.Debug|Any CPU.ActiveCfg = Debug|Any CPU
		{361A3ADC-3120-4446-9708-DF3C91A10017}.Debug|Any CPU.Build.0 = Debug|Any CPU
		{361A3ADC-3120-4446-9708-DF3C91A10017}.Release|Any CPU.ActiveCfg = Release|Any CPU
		{361A3ADC-3120-4446-9708-DF3C91A10017}.Release|Any CPU.Build.0 = Release|Any CPU
	EndGlobalSection
	GlobalSection(SolutionProperties) = preSolution
		HideSolutionNode = FALSE
	EndGlobalSection
	GlobalSection(ExtensibilityGlobals) = postSolution
		SolutionGuid = {9357F925-56D5-486D-9F3A-F1694EA9D620}
	EndGlobalSection
EndGlobal
